
Microsoft Visual Studio Solution File, Format Version 12.00
# Visual Studio Version 17
VisualStudioVersion = 17.2.32630.192
MinimumVisualStudioVersion = 10.0.40219.1
Project("{FAE04EC0-301F-11D3-BF4B-00C04F79EFBC}") = "Core_Server_Side", "Core_Server_Side\Core_Server_Side.csproj", "{B8013D8F-4DBF-4EF7-8AC5-0E88FCE33B6C}"
EndProject
Global
	GlobalSection(SolutionConfigurationPlatforms) = preSolution
		Debug|Any CPU = Debug|Any CPU
		Release|Any CPU = Release|Any CPU
	EndGlobalSection
	GlobalSection(ProjectConfigurationPlatforms) = postSolution
		{B8013D8F-4DBF-4EF7-8AC5-0E88FCE33B6C}.Debug|Any CPU.ActiveCfg = Debug|Any CPU
		{B8013D8F-4DBF-4EF7-8AC5-0E88FCE33B6C}.Debug|Any CPU.Build.0 = Debug|Any CPU
		{B8013D8F-4DBF-4EF7-8AC5-0E88FCE33B6C}.Release|Any CPU.ActiveCfg = Release|Any CPU
		{B8013D8F-4DBF-4EF7-8AC5-0E88FCE33B6C}.Release|Any CPU.Build.0 = Release|Any CPU
	EndGlobalSection
	GlobalSection(SolutionProperties) = preSolution
		HideSolutionNode = FALSE
	EndGlobalSection
	GlobalSection(ExtensibilityGlobals) = postSolution
		SolutionGuid = {87488D1A-FC82-44C4-9EDF-0E0C31856D68}
	EndGlobalSection
EndGlobal
